
Microsoft Visual Studio Solution File, Format Version 12.00
# Visual Studio Version 16
VisualStudioVersion = 16.0.30011.22
MinimumVisualStudioVersion = 10.0.40219.1
Project("{9A19103F-16F7-4668-BE54-9A1E7A4F7556}") = "DDD.Core", "DDD.Core\DDD.Core.csproj", "{FF50E96F-B6D8-4DA7-8AC2-5B1BCAD447D5}"
EndProject
Project("{9A19103F-16F7-4668-BE54-9A1E7A4F7556}") = "DDD.Core.Test", "DDD.Core.Test\DDD.Core.Test.csproj", "{F309DEE0-CAEE-4AA8-A08C-67CD1FE58104}"
EndProject
Project("{9A19103F-16F7-4668-BE54-9A1E7A4F7556}") = "DDD.Core.Application", "DDD.Core.Application\DDD.Core.Application.csproj", "{594D685D-0AD3-4A74-A404-513013852C90}"
EndProject
Project("{9A19103F-16F7-4668-BE54-9A1E7A4F7556}") = "DDD.Core.Application.Test", "DDD.Core.Application.Test\DDD.Core.Application.Test.csproj", "{4D14D47E-577A-4599-B70E-E555AA97FE0A}"
EndProject
Project("{9A19103F-16F7-4668-BE54-9A1E7A4F7556}") = "Minor.Miffy", "..\Minor.Miffy\Minor.Miffy\Minor.Miffy.csproj", "{F81BE0FE-3075-4306-BAF6-88FE03BB51F1}"
EndProject
Project("{9A19103F-16F7-4668-BE54-9A1E7A4F7556}") = "Minor.Miffy.InMemoryBus", "..\Minor.Miffy\Minor.Miffy.InMemoryBus\Minor.Miffy.InMemoryBus.csproj", "{C6540FBC-45EB-4E0F-8D99-F5F5DB6EDE32}"
EndProject
Project("{9A19103F-16F7-4668-BE54-9A1E7A4F7556}") = "Minor.Miffy.RabbitMQBus", "..\Minor.Miffy\Minor.Miffy.RabbitMQBus\Minor.Miffy.RabbitMQBus.csproj", "{C4882020-3A7B-41F8-8DDF-DDF46F346D7A}"
EndProject
Project("{9A19103F-16F7-4668-BE54-9A1E7A4F7556}") = "DDD.Example", "DDD.Example\DDD.Example.csproj", "{D43234C1-444C-478C-8C39-6E9E1D52B2EA}"
EndProject
Global
	GlobalSection(SolutionConfigurationPlatforms) = preSolution
		Debug|Any CPU = Debug|Any CPU
		Release|Any CPU = Release|Any CPU
	EndGlobalSection
	GlobalSection(ProjectConfigurationPlatforms) = postSolution
		{FF50E96F-B6D8-4DA7-8AC2-5B1BCAD447D5}.Debug|Any CPU.ActiveCfg = Debug|Any CPU
		{FF50E96F-B6D8-4DA7-8AC2-5B1BCAD447D5}.Debug|Any CPU.Build.0 = Debug|Any CPU
		{FF50E96F-B6D8-4DA7-8AC2-5B1BCAD447D5}.Release|Any CPU.ActiveCfg = Release|Any CPU
		{FF50E96F-B6D8-4DA7-8AC2-5B1BCAD447D5}.Release|Any CPU.Build.0 = Release|Any CPU
		{F309DEE0-CAEE-4AA8-A08C-67CD1FE58104}.Debug|Any CPU.ActiveCfg = Debug|Any CPU
		{F309DEE0-CAEE-4AA8-A08C-67CD1FE58104}.Debug|Any CPU.Build.0 = Debug|Any CPU
		{F309DEE0-CAEE-4AA8-A08C-67CD1FE58104}.Release|Any CPU.ActiveCfg = Release|Any CPU
		{F309DEE0-CAEE-4AA8-A08C-67CD1FE58104}.Release|Any CPU.Build.0 = Release|Any CPU
		{594D685D-0AD3-4A74-A404-513013852C90}.Debug|Any CPU.ActiveCfg = Debug|Any CPU
		{594D685D-0AD3-4A74-A404-513013852C90}.Debug|Any CPU.Build.0 = Debug|Any CPU
		{594D685D-0AD3-4A74-A404-513013852C90}.Release|Any CPU.ActiveCfg = Release|Any CPU
		{594D685D-0AD3-4A74-A404-513013852C90}.Release|Any CPU.Build.0 = Release|Any CPU
		{4D14D47E-577A-4599-B70E-E555AA97FE0A}.Debug|Any CPU.ActiveCfg = Debug|Any CPU
		{4D14D47E-577A-4599-B70E-E555AA97FE0A}.Debug|Any CPU.Build.0 = Debug|Any CPU
		{4D14D47E-577A-4599-B70E-E555AA97FE0A}.Release|Any CPU.ActiveCfg = Release|Any CPU
		{4D14D47E-577A-4599-B70E-E555AA97FE0A}.Release|Any CPU.Build.0 = Release|Any CPU
		{F81BE0FE-3075-4306-BAF6-88FE03BB51F1}.Debug|Any CPU.ActiveCfg = Debug|Any CPU
		{F81BE0FE-3075-4306-BAF6-88FE03BB51F1}.Debug|Any CPU.Build.0 = Debug|Any CPU
		{F81BE0FE-3075-4306-BAF6-88FE03BB51F1}.Release|Any CPU.ActiveCfg = Release|Any CPU
		{F81BE0FE-3075-4306-BAF6-88FE03BB51F1}.Release|Any CPU.Build.0 = Release|Any CPU
		{C6540FBC-45EB-4E0F-8D99-F5F5DB6EDE32}.Debug|Any CPU.ActiveCfg = Debug|Any CPU
		{C6540FBC-45EB-4E0F-8D99-F5F5DB6EDE32}.Debug|Any CPU.Build.0 = Debug|Any CPU
		{C6540FBC-45EB-4E0F-8D99-F5F5DB6EDE32}.Release|Any CPU.ActiveCfg = Release|Any CPU
		{C6540FBC-45EB-4E0F-8D99-F5F5DB6EDE32}.Release|Any CPU.Build.0 = Release|Any CPU
		{C4882020-3A7B-41F8-8DDF-DDF46F346D7A}.Debug|Any CPU.ActiveCfg = Debug|Any CPU
		{C4882020-3A7B-41F8-8DDF-DDF46F346D7A}.Debug|Any CPU.Build.0 = Debug|Any CPU
		{C4882020-3A7B-41F8-8DDF-DDF46F346D7A}.Release|Any CPU.ActiveCfg = Release|Any CPU
		{C4882020-3A7B-41F8-8DDF-DDF46F346D7A}.Release|Any CPU.Build.0 = Release|Any CPU
		{D43234C1-444C-478C-8C39-6E9E1D52B2EA}.Debug|Any CPU.ActiveCfg = Debug|Any CPU
		{D43234C1-444C-478C-8C39-6E9E1D52B2EA}.Debug|Any CPU.Build.0 = Debug|Any CPU
		{D43234C1-444C-478C-8C39-6E9E1D52B2EA}.Release|Any CPU.ActiveCfg = Release|Any CPU
		{D43234C1-444C-478C-8C39-6E9E1D52B2EA}.Release|Any CPU.Build.0 = Release|Any CPU
	EndGlobalSection
	GlobalSection(SolutionProperties) = preSolution
		HideSolutionNode = FALSE
	EndGlobalSection
	GlobalSection(ExtensibilityGlobals) = postSolution
		SolutionGuid = {105378D2-DC33-41A4-BD9E-3843A513CFD2}
	EndGlobalSection
EndGlobal
